
Microsoft Visual Studio Solution File, Format Version 12.00
# Visual Studio Version 17
VisualStudioVersion = 17.1.32210.238
MinimumVisualStudioVersion = 10.0.40219.1
Project("{FAE04EC0-301F-11D3-BF4B-00C04F79EFBC}") = "Trivia", "Trivia.csproj", "{48B63D8B-E77D-47C1-A6A5-2E231D03BCF7}"
EndProject
Global
	GlobalSection(SolutionConfigurationPlatforms) = preSolution
		Debug|Any CPU = Debug|Any CPU
		Release|Any CPU = Release|Any CPU
	EndGlobalSection
	GlobalSection(ProjectConfigurationPlatforms) = postSolution
		{48B63D8B-E77D-47C1-A6A5-2E231D03BCF7}.Debug|Any CPU.ActiveCfg = Debug|Any CPU
		{48B63D8B-E77D-47C1-A6A5-2E231D03BCF7}.Debug|Any CPU.Build.0 = Debug|Any CPU
		{48B63D8B-E77D-47C1-A6A5-2E231D03BCF7}.Release|Any CPU.ActiveCfg = Release|Any CPU
		{48B63D8B-E77D-47C1-A6A5-2E231D03BCF7}.Release|Any CPU.Build.0 = Release|Any CPU
	EndGlobalSection
	GlobalSection(SolutionProperties) = preSolution
		HideSolutionNode = FALSE
	EndGlobalSection
	GlobalSection(ExtensibilityGlobals) = postSolution
		SolutionGuid = {98F51773-E9DA-429B-B414-7B80EA3197AA}
	EndGlobalSection
EndGlobal
